{
  "lockfileVersion": 1,
  "configVersion": 1,
  "workspaces": {
    "": {
      "dependencies": {
        "@supabase/supabase-js": "^2.110.2",
        "@tanstack/react-query": "^5.101.2",
        "class-variance-authority": "^0.7.1",
        "clsx": "^2.1.1",
        "date-fns": "^4.4.0",
        "lucide-react": "^1.24.0",
        "react": "^18",
        "react-dom": "^18",
        "react-router-dom": "^7.18.1",
        "tailwind-merge": "^3.6.0",
      },
    },
  },
  "packages": {
    "@supabase/auth-js": ["@supabase/auth-js@2.110.2", "https://europe-west4-npm.pkg.dev/lovable-core-prod/sandbox-npm-cache/@supabase/auth-js/-/auth-js-2.110.2.tgz", { "dependencies": { "tslib": "2.8.1" } }, "sha512-Qj7a6EDP+AMMQFWqGv+qFa8r6re//dk+qQI5bA0KK+PZmnI3JPu97TDeNt6SMiQ2FkklP79hP2yDFYSnA989OA=="],

    "@supabase/functions-js": ["@supabase/functions-js@2.110.2", "https://europe-west4-npm.pkg.dev/lovable-core-prod/sandbox-npm-cache/@supabase/functions-js/-/functions-js-2.110.2.tgz", { "dependencies": { "tslib": "2.8.1" } }, "sha512-ZjjqrXpxM9/rE+eAtZxiK45EWy9EBoJQ322Q5Y75LccYQNh212neHTgXP/o4MIzmH0LNXT8UzvTZtQOfOzyoeQ=="],

    "@supabase/phoenix": ["@supabase/phoenix@0.4.4", "https://europe-west4-npm.pkg.dev/lovable-core-prod/sandbox-npm-cache/@supabase/phoenix/-/phoenix-0.4.4.tgz", {}, "sha512-Gt0pqoXuIqX/8dvG0OKp/wMCobXNH3klNbUPBNyOfN0YA1IswrM3HyWFMOPk1Jy+BRaIyDPcFx4jLBwHNmlyfQ=="],

    "@supabase/postgrest-js": ["@supabase/postgrest-js@2.110.2", "https://europe-west4-npm.pkg.dev/lovable-core-prod/sandbox-npm-cache/@supabase/postgrest-js/-/postgrest-js-2.110.2.tgz", { "dependencies": { "tslib": "2.8.1" } }, "sha512-++LBmcIMwCtgO4tISQUmo9+2xkRwHQqS8ZKMCnhXLe9P8k8YQRXuMoh/RiSzQSoev8gqet0W7yOboW0cUxnt0Q=="],

    "@supabase/realtime-js": ["@supabase/realtime-js@2.110.2", "https://europe-west4-npm.pkg.dev/lovable-core-prod/sandbox-npm-cache/@supabase/realtime-js/-/realtime-js-2.110.2.tgz", { "dependencies": { "@supabase/phoenix": "0.4.4", "tslib": "2.8.1" } }, "sha512-z3jTOTPgyn6E3r6dVOOQ10He4yAMB2czjFw7xVdX3s16MHElna5rY1gVaePs0NIo6xvtMYbtmOXlFaFt/ePLpg=="],

    "@supabase/storage-js": ["@supabase/storage-js@2.110.2", "https://europe-west4-npm.pkg.dev/lovable-core-prod/sandbox-npm-cache/@supabase/storage-js/-/storage-js-2.110.2.tgz", { "dependencies": { "iceberg-js": "^0.8.1", "tslib": "2.8.1" } }, "sha512-EhsRSwSnmQefKJsAxoRUZ0hvHr92ECM8DDGAKR5z0HdoJx4heI60PjHUTruVNZxKX6XeobLGDyLud020Bw1iwg=="],

    "@supabase/supabase-js": ["@supabase/supabase-js@2.110.2", "https://europe-west4-npm.pkg.dev/lovable-core-prod/sandbox-npm-cache/@supabase/supabase-js/-/supabase-js-2.110.2.tgz", { "dependencies": { "@supabase/auth-js": "2.110.2", "@supabase/functions-js": "2.110.2", "@supabase/postgrest-js": "2.110.2", "@supabase/realtime-js": "2.110.2", "@supabase/storage-js": "2.110.2" } }, "sha512-r9q9w4ZQ6mOjh36aqUNFSisBF611vzpO8JphBESr2Q1SWvmGFQeI7Jq7Y+PaNMZ6Zszz+S2yTlJStCpnaMSnQg=="],

    "@tanstack/query-core": ["@tanstack/query-core@5.101.2", "https://europe-west4-npm.pkg.dev/lovable-core-prod/sandbox-npm-cache/@tanstack/query-core/-/query-core-5.101.2.tgz", {}, "sha512-hH5MLoJhF7KaIGd7q3xTXGXvslI+GYlM1Z/35aSHHWaCJWB7XvTSHYuV3eM7tw+aE0mT/xMro4M4Q9rCGHT0lw=="],

    "@tanstack/react-query": ["@tanstack/react-query@5.101.2", "https://europe-west4-npm.pkg.dev/lovable-core-prod/sandbox-npm-cache/@tanstack/react-query/-/react-query-5.101.2.tgz", { "dependencies": { "@tanstack/query-core": "5.101.2" }, "peerDependencies": { "react": "^18 || ^19" } }, "sha512-seDkr6kzGzX1okaaTtZPtgA688CDPlXUz1C6xSg0ESqn04Vuc8tlrYms1s3de+znBqhPVxFRfpAfUf+6XvfPWg=="],

    "class-variance-authority": ["class-variance-authority@0.7.1", "https://europe-west4-npm.pkg.dev/lovable-core-prod/sandbox-npm-cache/class-variance-authority/-/class-variance-authority-0.7.1.tgz", { "dependencies": { "clsx": "^2.1.1" } }, "sha512-Ka+9Trutv7G8M6WT6SeiRWz792K5qEqIGEGzXKhAE6xOWAY6pPH8U+9IY3oCMv6kqTmLsv7Xh/2w2RigkePMsg=="],

    "clsx": ["clsx@2.1.1", "https://europe-west4-npm.pkg.dev/lovable-core-prod/sandbox-npm-cache/clsx/-/clsx-2.1.1.tgz", {}, "sha512-eYm0QWBtUrBWZWG0d386OGAw16Z995PiOVo2B7bjWSbHedGl5e0ZWaq65kOGgUSNesEIDkB9ISbTg/JK9dhCZA=="],

    "cookie": ["cookie@1.1.1", "https://europe-west4-npm.pkg.dev/lovable-core-prod/sandbox-npm-cache/cookie/-/cookie-1.1.1.tgz", {}, "sha512-ei8Aos7ja0weRpFzJnEA9UHJ/7XQmqglbRwnf2ATjcB9Wq874VKH9kfjjirM6UhU2/E5fFYadylyhFldcqSidQ=="],

    "date-fns": ["date-fns@4.4.0", "https://europe-west4-npm.pkg.dev/lovable-core-prod/sandbox-npm-cache/date-fns/-/date-fns-4.4.0.tgz", {}, "sha512-+1UMbeh68lH1SegH83CGWwpb6OHHbpSgr3+s5Eww5M4CAgswBpoWS0AjTOfEJ33HiYKz1hdj/KTFprzXHmq/6w=="],

    "iceberg-js": ["iceberg-js@0.8.1", "https://europe-west4-npm.pkg.dev/lovable-core-prod/sandbox-npm-cache/iceberg-js/-/iceberg-js-0.8.1.tgz", {}, "sha512-1dhVQZXhcHje7798IVM+xoo/1ZdVfzOMIc8/rgVSijRK38EDqOJoGula9N/8ZI5RD8QTxNQtK/Gozpr+qUqRRA=="],

    "js-tokens": ["js-tokens@4.0.0", "https://europe-west4-npm.pkg.dev/lovable-core-prod/sandbox-npm-cache/js-tokens/-/js-tokens-4.0.0.tgz", {}, "sha512-RdJUflcE3cUzKiMqQgsCu06FPu9UdIJO0beYbPhHN4k6apgJtifcoCtT9bcxOpYBtpD2kCM6Sbzg4CausW/PKQ=="],

    "loose-envify": ["loose-envify@1.4.0", "https://europe-west4-npm.pkg.dev/lovable-core-prod/sandbox-npm-cache/loose-envify/-/loose-envify-1.4.0.tgz", { "dependencies": { "js-tokens": "^3.0.0 || ^4.0.0" }, "bin": { "loose-envify": "cli.js" } }, "sha512-lyuxPGr/Wfhrlem2CL/UcnUc1zcqKAImBDzukY7Y5F/yQiNdko6+fRLevlw1HgMySw7f611UIY408EtxRSoK3Q=="],

    "lucide-react": ["lucide-react@1.24.0", "https://europe-west4-npm.pkg.dev/lovable-core-prod/sandbox-npm-cache/lucide-react/-/lucide-react-1.24.0.tgz", { "peerDependencies": { "react": "^16.5.1 || ^17.0.0 || ^18.0.0 || ^19.0.0" } }, "sha512-YT6mBD8lGKkg4nM39enlm94/sfJIiW0YKUT60fBy4YK8tai31ylg1VhGNWxkpSKHo9UagfnZqwIff3HTDQwXeA=="],

    "react": ["react@18.3.1", "https://europe-west4-npm.pkg.dev/lovable-core-prod/sandbox-npm-cache/react/-/react-18.3.1.tgz", { "dependencies": { "loose-envify": "^1.1.0" } }, "sha512-wS+hAgJShR0KhEvPJArfuPVN1+Hz1t0Y6n5jLrGQbkb4urgPE/0Rve+1kMB1v/oWgHgm4WIcV+i7F2pTVj+2iQ=="],

    "react-dom": ["react-dom@18.3.1", "https://europe-west4-npm.pkg.dev/lovable-core-prod/sandbox-npm-cache/react-dom/-/react-dom-18.3.1.tgz", { "dependencies": { "loose-envify": "^1.1.0", "scheduler": "^0.23.2" }, "peerDependencies": { "react": "^18.3.1" } }, "sha512-5m4nQKp+rZRb09LNH59GM4BxTh9251/ylbKIbpe7TpGxfJ+9kv6BLkLBXIjjspbgbnIBNqlI23tRnTWT0snUIw=="],

    "react-router": ["react-router@7.18.1", "https://europe-west4-npm.pkg.dev/lovable-core-prod/sandbox-npm-cache/react-router/-/react-router-7.18.1.tgz", { "dependencies": { "cookie": "^1.0.1", "set-cookie-parser": "^2.6.0" }, "peerDependencies": { "react": ">=18", "react-dom": ">=18" }, "optionalPeers": ["react-dom"] }, "sha512-GDLgg3i3uM0aeJO3Fm+TCS+sDQ7gu12T6x0qdTEzcwqEfleci7JwugVNIF3U//0FWKnJT7ptG+20B2jfDqnZAg=="],

    "react-router-dom": ["react-router-dom@7.18.1", "https://europe-west4-npm.pkg.dev/lovable-core-prod/sandbox-npm-cache/react-router-dom/-/react-router-dom-7.18.1.tgz", { "dependencies": { "react-router": "7.18.1" }, "peerDependencies": { "react": ">=18", "react-dom": ">=18" } }, "sha512-KaZh+X/6UtEp28x51AUYZDMg9NGoz2ja3dNHa+ta/tk40vCzKhQ/RypCWBMLbmDr6//E24Vv5uPsrqXFozdkAg=="],

    "scheduler": ["scheduler@0.23.2", "https://europe-west4-npm.pkg.dev/lovable-core-prod/sandbox-npm-cache/scheduler/-/scheduler-0.23.2.tgz", { "dependencies": { "loose-envify": "^1.1.0" } }, "sha512-UOShsPwz7NrMUqhR6t0hWjFduvOzbtv7toDH1/hIrfRNIDBnnBWd0CwJTGvTpngVlmwGCdP9/Zl/tVrDqcuYzQ=="],

    "set-cookie-parser": ["set-cookie-parser@2.7.2", "https://europe-west4-npm.pkg.dev/lovable-core-prod/sandbox-npm-cache/set-cookie-parser/-/set-cookie-parser-2.7.2.tgz", {}, "sha512-oeM1lpU/UvhTxw+g3cIfxXHyJRc/uidd3yK1P242gzHds0udQBYzs3y8j4gCCW+ZJ7ad0yctld8RYO+bdurlvw=="],

    "tailwind-merge": ["tailwind-merge@3.6.0", "https://europe-west4-npm.pkg.dev/lovable-core-prod/sandbox-npm-cache/tailwind-merge/-/tailwind-merge-3.6.0.tgz", {}, "sha512-uxL7qAVQriqRQPAyK3pj66VqskWqoZ37PW94jwOTwNfq/z9oyu1V+eqrZqtR2+fCiXdYOZe/Modt8GtvqNzu+w=="],

    "tslib": ["tslib@2.8.1", "https://europe-west4-npm.pkg.dev/lovable-core-prod/sandbox-npm-cache/tslib/-/tslib-2.8.1.tgz", {}, "sha512-oJFu94HQb+KVduSUQL7wnpmqnfmLsOA/nAh6b6EH0wCEoK0/mPeXU6c3wKDV83MkOuHPRHtSXKKU99IBazS/2w=="],
  }
}
